// !$*UTF8*$!
{
	archiveVersion = 1;
	classes = {
	};
	objectVersion = 48;
	objects = {

/* Begin PBXBuildFile section */
		0DA6C12775CFD665D0294B89 /* Pods_OMatKo.framework in Frameworks */ = {isa = PBXBuildFile; fileRef = A809D78965D25906CFA1BCA8 /* Pods_OMatKo.framework */; };
		E2092A792045EB910055EBFA /* AppDelegate.swift in Sources */ = {isa = PBXBuildFile; fileRef = E2092A782045EB910055EBFA /* AppDelegate.swift */; };
		E2092A7E2045EB910055EBFA /* Main.storyboard in Resources */ = {isa = PBXBuildFile; fileRef = E2092A7C2045EB910055EBFA /* Main.storyboard */; };
		E2092A812045EB910055EBFA /* OMatKo.xcdatamodeld in Sources */ = {isa = PBXBuildFile; fileRef = E2092A7F2045EB910055EBFA /* OMatKo.xcdatamodeld */; };
		E2092A862045EB910055EBFA /* LaunchScreen.storyboard in Resources */ = {isa = PBXBuildFile; fileRef = E2092A842045EB910055EBFA /* LaunchScreen.storyboard */; };
		E2092A8E2045EDCE0055EBFA /* GoogleService-Info.plist in Resources */ = {isa = PBXBuildFile; fileRef = E2092A8D2045EDCE0055EBFA /* GoogleService-Info.plist */; };
		E2092A912045F0700055EBFA /* Foundation+Extensions.swift in Sources */ = {isa = PBXBuildFile; fileRef = E2092A902045F0700055EBFA /* Foundation+Extensions.swift */; };
		E2092A932045F0770055EBFA /* UIKit+Extensions.swift in Sources */ = {isa = PBXBuildFile; fileRef = E2092A922045F0770055EBFA /* UIKit+Extensions.swift */; };
		E2092A962045F0FB0055EBFA /* RoundView.swift in Sources */ = {isa = PBXBuildFile; fileRef = E2092A952045F0FB0055EBFA /* RoundView.swift */; };
		E2092A982045F1090055EBFA /* RoundImageView.swift in Sources */ = {isa = PBXBuildFile; fileRef = E2092A972045F1090055EBFA /* RoundImageView.swift */; };
		E2092A9A2045F1270055EBFA /* RoundButton.swift in Sources */ = {isa = PBXBuildFile; fileRef = E2092A992045F1270055EBFA /* RoundButton.swift */; };
		E2092A9C2045F17B0055EBFA /* Theme.swift in Sources */ = {isa = PBXBuildFile; fileRef = E2092A9B2045F17B0055EBFA /* Theme.swift */; };
		E2092AA12045F8890055EBFA /* LectureTableViewCell.swift in Sources */ = {isa = PBXBuildFile; fileRef = E2092A9F2045F8890055EBFA /* LectureTableViewCell.swift */; };
		E2092AA22045F8890055EBFA /* LectureTableViewCell.xib in Resources */ = {isa = PBXBuildFile; fileRef = E2092AA02045F8890055EBFA /* LectureTableViewCell.xib */; };
		E2092AA52045FBD30055EBFA /* Event.swift in Sources */ = {isa = PBXBuildFile; fileRef = E2092AA42045FBD30055EBFA /* Event.swift */; };
		E251E0E52048791400B07DE9 /* MenuViewController.swift in Sources */ = {isa = PBXBuildFile; fileRef = E251E0E42048791400B07DE9 /* MenuViewController.swift */; };
		E251E0E920487C1000B07DE9 /* EventsTableViewController.swift in Sources */ = {isa = PBXBuildFile; fileRef = E251E0E820487C1000B07DE9 /* EventsTableViewController.swift */; };
		E251E0EC20487D6800B07DE9 /* DataService.swift in Sources */ = {isa = PBXBuildFile; fileRef = E251E0EB20487D6800B07DE9 /* DataService.swift */; };
		E251E0EE20487F2600B07DE9 /* FirebaseDataService.swift in Sources */ = {isa = PBXBuildFile; fileRef = E251E0ED20487F2600B07DE9 /* FirebaseDataService.swift */; };
		E251E0F02048B25100B07DE9 /* MenuItem.swift in Sources */ = {isa = PBXBuildFile; fileRef = E251E0EF2048B25100B07DE9 /* MenuItem.swift */; };
		E251E0F52048B9D000B07DE9 /* Lectures.storyboard in Resources */ = {isa = PBXBuildFile; fileRef = E251E0F42048B9D000B07DE9 /* Lectures.storyboard */; };
		E251E0F72048BB3F00B07DE9 /* SideMenuController.swift in Sources */ = {isa = PBXBuildFile; fileRef = E251E0F62048BB3F00B07DE9 /* SideMenuController.swift */; };
		E251E0FB20495D3D00B07DE9 /* Map.storyboard in Resources */ = {isa = PBXBuildFile; fileRef = E251E0FA20495D3D00B07DE9 /* Map.storyboard */; };
		E251E0FF2049640000B07DE9 /* SideMenuManager.swift in Sources */ = {isa = PBXBuildFile; fileRef = E251E0FE2049640000B07DE9 /* SideMenuManager.swift */; };
		E251E105204B174C00B07DE9 /* MenuItemTableViewCell.swift in Sources */ = {isa = PBXBuildFile; fileRef = E251E103204B174C00B07DE9 /* MenuItemTableViewCell.swift */; };
		E251E106204B174C00B07DE9 /* MenuItemTableViewCell.xib in Resources */ = {isa = PBXBuildFile; fileRef = E251E104204B174C00B07DE9 /* MenuItemTableViewCell.xib */; };
		E2CC5276204D7A7300153B63 /* Contact.swift in Sources */ = {isa = PBXBuildFile; fileRef = E2CC5275204D7A7300153B63 /* Contact.swift */; };
		E2CC5278204D7BC100153B63 /* Edition.swift in Sources */ = {isa = PBXBuildFile; fileRef = E2CC5277204D7BC100153B63 /* Edition.swift */; };
		E2CC527B204D7D5200153B63 /* ContactTableViewCell.swift in Sources */ = {isa = PBXBuildFile; fileRef = E2CC5279204D7D5100153B63 /* ContactTableViewCell.swift */; };
		E2CC527C204D7D5200153B63 /* ContactTableViewCell.xib in Resources */ = {isa = PBXBuildFile; fileRef = E2CC527A204D7D5100153B63 /* ContactTableViewCell.xib */; };
		E2CC527E204D83D700153B63 /* ContactsTableViewController.swift in Sources */ = {isa = PBXBuildFile; fileRef = E2CC527D204D83D700153B63 /* ContactsTableViewController.swift */; };
		E2CC5280204D86A700153B63 /* LocalDataService.swift in Sources */ = {isa = PBXBuildFile; fileRef = E2CC527F204D86A700153B63 /* LocalDataService.swift */; };
		E2CC5282204D875600153B63 /* Place.swift in Sources */ = {isa = PBXBuildFile; fileRef = E2CC5281204D875600153B63 /* Place.swift */; };
		E2CC5284204D88C800153B63 /* XMLLocalDataService.swift in Sources */ = {isa = PBXBuildFile; fileRef = E2CC5283204D88C800153B63 /* XMLLocalDataService.swift */; };
		E2CC528A204DA7E300153B63 /* Assets.xcassets in Resources */ = {isa = PBXBuildFile; fileRef = E2CC5289204DA7E200153B63 /* Assets.xcassets */; };
		E2F9BC6D2056EF9200D5E73B /* Votes.storyboard in Resources */ = {isa = PBXBuildFile; fileRef = E2F9BC6C2056EF9200D5E73B /* Votes.storyboard */; };
		E2F9BC6F2056F43F00D5E73B /* LogInViewController.swift in Sources */ = {isa = PBXBuildFile; fileRef = E2F9BC6E2056F43F00D5E73B /* LogInViewController.swift */; };
		E2F9BC71205814BA00D5E73B /* VoteViewController.swift in Sources */ = {isa = PBXBuildFile; fileRef = E2F9BC70205814BA00D5E73B /* VoteViewController.swift */; };
/* End PBXBuildFile section */

/* Begin PBXFileReference section */
		A809D78965D25906CFA1BCA8 /* Pods_OMatKo.framework */ = {isa = PBXFileReference; explicitFileType = wrapper.framework; includeInIndex = 0; path = Pods_OMatKo.framework; sourceTree = BUILT_PRODUCTS_DIR; };
		D435B90685675E15BB3BE708 /* Pods-OMatKo.debug.xcconfig */ = {isa = PBXFileReference; includeInIndex = 1; lastKnownFileType = text.xcconfig; name = "Pods-OMatKo.debug.xcconfig"; path = "Pods/Target Support Files/Pods-OMatKo/Pods-OMatKo.debug.xcconfig"; sourceTree = "<group>"; };
		D8B6EF6350BEF71D85868ABD /* Pods-OMatKo.release.xcconfig */ = {isa = PBXFileReference; includeInIndex = 1; lastKnownFileType = text.xcconfig; name = "Pods-OMatKo.release.xcconfig"; path = "Pods/Target Support Files/Pods-OMatKo/Pods-OMatKo.release.xcconfig"; sourceTree = "<group>"; };
		E2092A752045EB910055EBFA /* OMatKo.app */ = {isa = PBXFileReference; explicitFileType = wrapper.application; includeInIndex = 0; path = OMatKo.app; sourceTree = BUILT_PRODUCTS_DIR; };
		E2092A782045EB910055EBFA /* AppDelegate.swift */ = {isa = PBXFileReference; lastKnownFileType = sourcecode.swift; path = AppDelegate.swift; sourceTree = "<group>"; };
		E2092A7D2045EB910055EBFA /* Base */ = {isa = PBXFileReference; lastKnownFileType = file.storyboard; name = Base; path = Base.lproj/Main.storyboard; sourceTree = "<group>"; };
		E2092A802045EB910055EBFA /* OMatKo.xcdatamodel */ = {isa = PBXFileReference; lastKnownFileType = wrapper.xcdatamodel; path = OMatKo.xcdatamodel; sourceTree = "<group>"; };
		E2092A852045EB910055EBFA /* Base */ = {isa = PBXFileReference; lastKnownFileType = file.storyboard; name = Base; path = Base.lproj/LaunchScreen.storyboard; sourceTree = "<group>"; };
		E2092A872045EB910055EBFA /* Info.plist */ = {isa = PBXFileReference; lastKnownFileType = text.plist.xml; path = Info.plist; sourceTree = "<group>"; };
		E2092A8D2045EDCE0055EBFA /* GoogleService-Info.plist */ = {isa = PBXFileReference; fileEncoding = 4; lastKnownFileType = text.plist.xml; path = "GoogleService-Info.plist"; sourceTree = "<group>"; };
		E2092A902045F0700055EBFA /* Foundation+Extensions.swift */ = {isa = PBXFileReference; fileEncoding = 4; lastKnownFileType = sourcecode.swift; path = "Foundation+Extensions.swift"; sourceTree = "<group>"; };
		E2092A922045F0770055EBFA /* UIKit+Extensions.swift */ = {isa = PBXFileReference; fileEncoding = 4; lastKnownFileType = sourcecode.swift; path = "UIKit+Extensions.swift"; sourceTree = "<group>"; };
		E2092A952045F0FB0055EBFA /* RoundView.swift */ = {isa = PBXFileReference; fileEncoding = 4; lastKnownFileType = sourcecode.swift; path = RoundView.swift; sourceTree = "<group>"; };
		E2092A972045F1090055EBFA /* RoundImageView.swift */ = {isa = PBXFileReference; fileEncoding = 4; lastKnownFileType = sourcecode.swift; path = RoundImageView.swift; sourceTree = "<group>"; };
		E2092A992045F1270055EBFA /* RoundButton.swift */ = {isa = PBXFileReference; fileEncoding = 4; lastKnownFileType = sourcecode.swift; path = RoundButton.swift; sourceTree = "<group>"; };
		E2092A9B2045F17B0055EBFA /* Theme.swift */ = {isa = PBXFileReference; lastKnownFileType = sourcecode.swift; path = Theme.swift; sourceTree = "<group>"; };
		E2092A9F2045F8890055EBFA /* LectureTableViewCell.swift */ = {isa = PBXFileReference; lastKnownFileType = sourcecode.swift; path = LectureTableViewCell.swift; sourceTree = "<group>"; };
		E2092AA02045F8890055EBFA /* LectureTableViewCell.xib */ = {isa = PBXFileReference; lastKnownFileType = file.xib; path = LectureTableViewCell.xib; sourceTree = "<group>"; };
		E2092AA42045FBD30055EBFA /* Event.swift */ = {isa = PBXFileReference; lastKnownFileType = sourcecode.swift; path = Event.swift; sourceTree = "<group>"; };
		E251E0E42048791400B07DE9 /* MenuViewController.swift */ = {isa = PBXFileReference; lastKnownFileType = sourcecode.swift; path = MenuViewController.swift; sourceTree = "<group>"; };
		E251E0E820487C1000B07DE9 /* EventsTableViewController.swift */ = {isa = PBXFileReference; lastKnownFileType = sourcecode.swift; path = EventsTableViewController.swift; sourceTree = "<group>"; };
		E251E0EB20487D6800B07DE9 /* DataService.swift */ = {isa = PBXFileReference; lastKnownFileType = sourcecode.swift; path = DataService.swift; sourceTree = "<group>"; };
		E251E0ED20487F2600B07DE9 /* FirebaseDataService.swift */ = {isa = PBXFileReference; lastKnownFileType = sourcecode.swift; path = FirebaseDataService.swift; sourceTree = "<group>"; };
		E251E0EF2048B25100B07DE9 /* MenuItem.swift */ = {isa = PBXFileReference; lastKnownFileType = sourcecode.swift; path = MenuItem.swift; sourceTree = "<group>"; };
		E251E0F42048B9D000B07DE9 /* Lectures.storyboard */ = {isa = PBXFileReference; lastKnownFileType = file.storyboard; path = Lectures.storyboard; sourceTree = "<group>"; };
		E251E0F62048BB3F00B07DE9 /* SideMenuController.swift */ = {isa = PBXFileReference; lastKnownFileType = sourcecode.swift; path = SideMenuController.swift; sourceTree = "<group>"; };
		E251E0FA20495D3D00B07DE9 /* Map.storyboard */ = {isa = PBXFileReference; lastKnownFileType = file.storyboard; path = Map.storyboard; sourceTree = "<group>"; };
		E251E0FE2049640000B07DE9 /* SideMenuManager.swift */ = {isa = PBXFileReference; lastKnownFileType = sourcecode.swift; path = SideMenuManager.swift; sourceTree = "<group>"; };
		E251E103204B174C00B07DE9 /* MenuItemTableViewCell.swift */ = {isa = PBXFileReference; lastKnownFileType = sourcecode.swift; path = MenuItemTableViewCell.swift; sourceTree = "<group>"; };
		E251E104204B174C00B07DE9 /* MenuItemTableViewCell.xib */ = {isa = PBXFileReference; lastKnownFileType = file.xib; path = MenuItemTableViewCell.xib; sourceTree = "<group>"; };
		E2CC5275204D7A7300153B63 /* Contact.swift */ = {isa = PBXFileReference; lastKnownFileType = sourcecode.swift; path = Contact.swift; sourceTree = "<group>"; };
		E2CC5277204D7BC100153B63 /* Edition.swift */ = {isa = PBXFileReference; lastKnownFileType = sourcecode.swift; path = Edition.swift; sourceTree = "<group>"; };
		E2CC5279204D7D5100153B63 /* ContactTableViewCell.swift */ = {isa = PBXFileReference; lastKnownFileType = sourcecode.swift; path = ContactTableViewCell.swift; sourceTree = "<group>"; };
		E2CC527A204D7D5100153B63 /* ContactTableViewCell.xib */ = {isa = PBXFileReference; lastKnownFileType = file.xib; path = ContactTableViewCell.xib; sourceTree = "<group>"; };
		E2CC527D204D83D700153B63 /* ContactsTableViewController.swift */ = {isa = PBXFileReference; lastKnownFileType = sourcecode.swift; path = ContactsTableViewController.swift; sourceTree = "<group>"; };
		E2CC527F204D86A700153B63 /* LocalDataService.swift */ = {isa = PBXFileReference; lastKnownFileType = sourcecode.swift; path = LocalDataService.swift; sourceTree = "<group>"; };
		E2CC5281204D875600153B63 /* Place.swift */ = {isa = PBXFileReference; lastKnownFileType = sourcecode.swift; path = Place.swift; sourceTree = "<group>"; };
		E2CC5283204D88C800153B63 /* XMLLocalDataService.swift */ = {isa = PBXFileReference; lastKnownFileType = sourcecode.swift; path = XMLLocalDataService.swift; sourceTree = "<group>"; };
		E2CC5289204DA7E200153B63 /* Assets.xcassets */ = {isa = PBXFileReference; lastKnownFileType = folder.assetcatalog; path = Assets.xcassets; sourceTree = "<group>"; };
		E2F9BC6C2056EF9200D5E73B /* Votes.storyboard */ = {isa = PBXFileReference; lastKnownFileType = file.storyboard; path = Votes.storyboard; sourceTree = "<group>"; };
		E2F9BC6E2056F43F00D5E73B /* LogInViewController.swift */ = {isa = PBXFileReference; lastKnownFileType = sourcecode.swift; path = LogInViewController.swift; sourceTree = "<group>"; };
		E2F9BC70205814BA00D5E73B /* VoteViewController.swift */ = {isa = PBXFileReference; lastKnownFileType = sourcecode.swift; path = VoteViewController.swift; sourceTree = "<group>"; };
/* End PBXFileReference section */

/* Begin PBXFrameworksBuildPhase section */
		E2092A722045EB910055EBFA /* Frameworks */ = {
			isa = PBXFrameworksBuildPhase;
			buildActionMask = 2147483647;
			files = (
				0DA6C12775CFD665D0294B89 /* Pods_OMatKo.framework in Frameworks */,
			);
			runOnlyForDeploymentPostprocessing = 0;
		};
/* End PBXFrameworksBuildPhase section */

/* Begin PBXGroup section */
		225C01ACD5E532810958D607 /* Frameworks */ = {
			isa = PBXGroup;
			children = (
				A809D78965D25906CFA1BCA8 /* Pods_OMatKo.framework */,
			);
			name = Frameworks;
			sourceTree = "<group>";
		};
		E2092A6C2045EB910055EBFA = {
			isa = PBXGroup;
			children = (
				E2092A772045EB910055EBFA /* OMatKo */,
				E2092A762045EB910055EBFA /* Products */,
				F6D1F15AA50019AE6997F127 /* Pods */,
				225C01ACD5E532810958D607 /* Frameworks */,
			);
			sourceTree = "<group>";
		};
		E2092A762045EB910055EBFA /* Products */ = {
			isa = PBXGroup;
			children = (
				E2092A752045EB910055EBFA /* OMatKo.app */,
			);
			name = Products;
			sourceTree = "<group>";
		};
		E2092A772045EB910055EBFA /* OMatKo */ = {
			isa = PBXGroup;
			children = (
				E251E1002049D51B00B07DE9 /* SideMenu */,
				E251E0F12048B98F00B07DE9 /* Storyboards */,
				E251E0EA20487D5D00B07DE9 /* Services */,
				E2092AA32045FBB50055EBFA /* Models */,
				E2092A9E2045F86F0055EBFA /* Cells */,
				E2092A9D2045F3110055EBFA /* ViewControllers */,
				E2092A942045F0E20055EBFA /* Views */,
				E2092A8F2045F0580055EBFA /* Extensions */,
				E2092A782045EB910055EBFA /* AppDelegate.swift */,
				E2092A9B2045F17B0055EBFA /* Theme.swift */,
				E2092A7C2045EB910055EBFA /* Main.storyboard */,
				E2CC5289204DA7E200153B63 /* Assets.xcassets */,
				E2092A842045EB910055EBFA /* LaunchScreen.storyboard */,
				E2092A872045EB910055EBFA /* Info.plist */,
				E2092A7F2045EB910055EBFA /* OMatKo.xcdatamodeld */,
				E2092A8D2045EDCE0055EBFA /* GoogleService-Info.plist */,
			);
			path = OMatKo;
			sourceTree = "<group>";
		};
		E2092A8F2045F0580055EBFA /* Extensions */ = {
			isa = PBXGroup;
			children = (
				E2092A922045F0770055EBFA /* UIKit+Extensions.swift */,
				E2092A902045F0700055EBFA /* Foundation+Extensions.swift */,
			);
			path = Extensions;
			sourceTree = "<group>";
		};
		E2092A942045F0E20055EBFA /* Views */ = {
			isa = PBXGroup;
			children = (
				E2092A992045F1270055EBFA /* RoundButton.swift */,
				E2092A972045F1090055EBFA /* RoundImageView.swift */,
				E2092A952045F0FB0055EBFA /* RoundView.swift */,
			);
			path = Views;
			sourceTree = "<group>";
		};
		E2092A9D2045F3110055EBFA /* ViewControllers */ = {
			isa = PBXGroup;
			children = (
				E251E0E820487C1000B07DE9 /* EventsTableViewController.swift */,
				E2CC527D204D83D700153B63 /* ContactsTableViewController.swift */,
				E2F9BC6E2056F43F00D5E73B /* LogInViewController.swift */,
				E2F9BC70205814BA00D5E73B /* VoteViewController.swift */,
			);
			path = ViewControllers;
			sourceTree = "<group>";
		};
		E2092A9E2045F86F0055EBFA /* Cells */ = {
			isa = PBXGroup;
			children = (
				E2092A9F2045F8890055EBFA /* LectureTableViewCell.swift */,
				E2092AA02045F8890055EBFA /* LectureTableViewCell.xib */,
				E251E103204B174C00B07DE9 /* MenuItemTableViewCell.swift */,
				E251E104204B174C00B07DE9 /* MenuItemTableViewCell.xib */,
				E2CC5279204D7D5100153B63 /* ContactTableViewCell.swift */,
				E2CC527A204D7D5100153B63 /* ContactTableViewCell.xib */,
			);
			path = Cells;
			sourceTree = "<group>";
		};
		E2092AA32045FBB50055EBFA /* Models */ = {
			isa = PBXGroup;
			children = (
				E2092AA42045FBD30055EBFA /* Event.swift */,
				E2CC5275204D7A7300153B63 /* Contact.swift */,
				E2CC5277204D7BC100153B63 /* Edition.swift */,
				E2CC5281204D875600153B63 /* Place.swift */,
			);
			path = Models;
			sourceTree = "<group>";
		};
		E251E0EA20487D5D00B07DE9 /* Services */ = {
			isa = PBXGroup;
			children = (
				E251E0EB20487D6800B07DE9 /* DataService.swift */,
				E251E0ED20487F2600B07DE9 /* FirebaseDataService.swift */,
				E2CC527F204D86A700153B63 /* LocalDataService.swift */,
				E2CC5283204D88C800153B63 /* XMLLocalDataService.swift */,
			);
			path = Services;
			sourceTree = "<group>";
		};
		E251E0F12048B98F00B07DE9 /* Storyboards */ = {
			isa = PBXGroup;
			children = (
				E251E0F42048B9D000B07DE9 /* Lectures.storyboard */,
				E251E0FA20495D3D00B07DE9 /* Map.storyboard */,
				E2F9BC6C2056EF9200D5E73B /* Votes.storyboard */,
			);
			path = Storyboards;
			sourceTree = "<group>";
		};
		E251E1002049D51B00B07DE9 /* SideMenu */ = {
			isa = PBXGroup;
			children = (
				E251E0EF2048B25100B07DE9 /* MenuItem.swift */,
				E251E0FE2049640000B07DE9 /* SideMenuManager.swift */,
				E251E0F62048BB3F00B07DE9 /* SideMenuController.swift */,
				E251E0E42048791400B07DE9 /* MenuViewController.swift */,
			);
			path = SideMenu;
			sourceTree = "<group>";
		};
		F6D1F15AA50019AE6997F127 /* Pods */ = {
			isa = PBXGroup;
			children = (
				D435B90685675E15BB3BE708 /* Pods-OMatKo.debug.xcconfig */,
				D8B6EF6350BEF71D85868ABD /* Pods-OMatKo.release.xcconfig */,
			);
			name = Pods;
			sourceTree = "<group>";
		};
/* End PBXGroup section */

/* Begin PBXNativeTarget section */
		E2092A742045EB910055EBFA /* OMatKo */ = {
			isa = PBXNativeTarget;
			buildConfigurationList = E2092A8A2045EB910055EBFA /* Build configuration list for PBXNativeTarget "OMatKo" */;
			buildPhases = (
				B90C7A53BB60DAFBFACD2368 /* [CP] Check Pods Manifest.lock */,
				E2092A712045EB910055EBFA /* Sources */,
				E2092A722045EB910055EBFA /* Frameworks */,
				E2092A732045EB910055EBFA /* Resources */,
				5C4FEABD79879A67DFCCFE27 /* [CP] Embed Pods Frameworks */,
				660ADD05058E3DBA8CC61696 /* [CP] Copy Pods Resources */,
			);
			buildRules = (
			);
			dependencies = (
			);
			name = OMatKo;
			productName = OMatKo;
			productReference = E2092A752045EB910055EBFA /* OMatKo.app */;
			productType = "com.apple.product-type.application";
		};
/* End PBXNativeTarget section */

/* Begin PBXProject section */
		E2092A6D2045EB910055EBFA /* Project object */ = {
			isa = PBXProject;
			attributes = {
				LastSwiftUpdateCheck = 0920;
				LastUpgradeCheck = 0920;
				ORGANIZATIONNAME = "Kacper Raczy";
				TargetAttributes = {
					E2092A742045EB910055EBFA = {
						CreatedOnToolsVersion = 9.2;
						ProvisioningStyle = Automatic;
					};
				};
			};
			buildConfigurationList = E2092A702045EB910055EBFA /* Build configuration list for PBXProject "OMatKo" */;
			compatibilityVersion = "Xcode 8.0";
			developmentRegion = en;
			hasScannedForEncodings = 0;
			knownRegions = (
				en,
				Base,
			);
			mainGroup = E2092A6C2045EB910055EBFA;
			productRefGroup = E2092A762045EB910055EBFA /* Products */;
			projectDirPath = "";
			projectRoot = "";
			targets = (
				E2092A742045EB910055EBFA /* OMatKo */,
			);
		};
/* End PBXProject section */

/* Begin PBXResourcesBuildPhase section */
		E2092A732045EB910055EBFA /* Resources */ = {
			isa = PBXResourcesBuildPhase;
			buildActionMask = 2147483647;
			files = (
				E2CC527C204D7D5200153B63 /* ContactTableViewCell.xib in Resources */,
				E2092A862045EB910055EBFA /* LaunchScreen.storyboard in Resources */,
				E251E106204B174C00B07DE9 /* MenuItemTableViewCell.xib in Resources */,
				E251E0FB20495D3D00B07DE9 /* Map.storyboard in Resources */,
				E2092AA22045F8890055EBFA /* LectureTableViewCell.xib in Resources */,
				E2092A8E2045EDCE0055EBFA /* GoogleService-Info.plist in Resources */,
				E2F9BC6D2056EF9200D5E73B /* Votes.storyboard in Resources */,
				E2092A7E2045EB910055EBFA /* Main.storyboard in Resources */,
				E2CC528A204DA7E300153B63 /* Assets.xcassets in Resources */,
				E251E0F52048B9D000B07DE9 /* Lectures.storyboard in Resources */,
			);
			runOnlyForDeploymentPostprocessing = 0;
		};
/* End PBXResourcesBuildPhase section */

/* Begin PBXShellScriptBuildPhase section */
		5C4FEABD79879A67DFCCFE27 /* [CP] Embed Pods Frameworks */ = {
			isa = PBXShellScriptBuildPhase;
			buildActionMask = 2147483647;
			files = (
			);
			inputPaths = (
				"${SRCROOT}/Pods/Target Support Files/Pods-OMatKo/Pods-OMatKo-frameworks.sh",
				"${BUILT_PRODUCTS_DIR}/CodableFirebase/CodableFirebase.framework",
				"${BUILT_PRODUCTS_DIR}/GTMSessionFetcher/GTMSessionFetcher.framework",
				"${BUILT_PRODUCTS_DIR}/GoogleToolboxForMac/GoogleToolboxForMac.framework",
				"${BUILT_PRODUCTS_DIR}/IQKeyboardManagerSwift/IQKeyboardManagerSwift.framework",
				"${BUILT_PRODUCTS_DIR}/ObjcExceptionBridging/ObjcExceptionBridging.framework",
				"${BUILT_PRODUCTS_DIR}/Protobuf/Protobuf.framework",
				"${BUILT_PRODUCTS_DIR}/RxSwift/RxSwift.framework",
				"${BUILT_PRODUCTS_DIR}/SkyFloatingLabelTextField/SkyFloatingLabelTextField.framework",
				"${BUILT_PRODUCTS_DIR}/ViewDeck/ViewDeck.framework",
				"${BUILT_PRODUCTS_DIR}/XCGLogger/XCGLogger.framework",
				"${BUILT_PRODUCTS_DIR}/leveldb-library/leveldb.framework",
				"${BUILT_PRODUCTS_DIR}/nanopb/nanopb.framework",
			);
			name = "[CP] Embed Pods Frameworks";
			outputPaths = (
				"${TARGET_BUILD_DIR}/${FRAMEWORKS_FOLDER_PATH}/CodableFirebase.framework",
				"${TARGET_BUILD_DIR}/${FRAMEWORKS_FOLDER_PATH}/GTMSessionFetcher.framework",
				"${TARGET_BUILD_DIR}/${FRAMEWORKS_FOLDER_PATH}/GoogleToolboxForMac.framework",
				"${TARGET_BUILD_DIR}/${FRAMEWORKS_FOLDER_PATH}/IQKeyboardManagerSwift.framework",
				"${TARGET_BUILD_DIR}/${FRAMEWORKS_FOLDER_PATH}/ObjcExceptionBridging.framework",
				"${TARGET_BUILD_DIR}/${FRAMEWORKS_FOLDER_PATH}/Protobuf.framework",
				"${TARGET_BUILD_DIR}/${FRAMEWORKS_FOLDER_PATH}/RxSwift.framework",
				"${TARGET_BUILD_DIR}/${FRAMEWORKS_FOLDER_PATH}/SkyFloatingLabelTextField.framework",
				"${TARGET_BUILD_DIR}/${FRAMEWORKS_FOLDER_PATH}/ViewDeck.framework",
				"${TARGET_BUILD_DIR}/${FRAMEWORKS_FOLDER_PATH}/XCGLogger.framework",
				"${TARGET_BUILD_DIR}/${FRAMEWORKS_FOLDER_PATH}/leveldb.framework",
				"${TARGET_BUILD_DIR}/${FRAMEWORKS_FOLDER_PATH}/nanopb.framework",
			);
			runOnlyForDeploymentPostprocessing = 0;
			shellPath = /bin/sh;
			shellScript = "\"${SRCROOT}/Pods/Target Support Files/Pods-OMatKo/Pods-OMatKo-frameworks.sh\"\n";
			showEnvVarsInLog = 0;
		};
		660ADD05058E3DBA8CC61696 /* [CP] Copy Pods Resources */ = {
			isa = PBXShellScriptBuildPhase;
			buildActionMask = 2147483647;
			files = (
			);
			inputPaths = (
			);
			name = "[CP] Copy Pods Resources";
			outputPaths = (
			);
			runOnlyForDeploymentPostprocessing = 0;
			shellPath = /bin/sh;
			shellScript = "\"${SRCROOT}/Pods/Target Support Files/Pods-OMatKo/Pods-OMatKo-resources.sh\"\n";
			showEnvVarsInLog = 0;
		};
		B90C7A53BB60DAFBFACD2368 /* [CP] Check Pods Manifest.lock */ = {
			isa = PBXShellScriptBuildPhase;
			buildActionMask = 2147483647;
			files = (
			);
			inputPaths = (
				"${PODS_PODFILE_DIR_PATH}/Podfile.lock",
				"${PODS_ROOT}/Manifest.lock",
			);
			name = "[CP] Check Pods Manifest.lock";
			outputPaths = (
				"$(DERIVED_FILE_DIR)/Pods-OMatKo-checkManifestLockResult.txt",
			);
			runOnlyForDeploymentPostprocessing = 0;
			shellPath = /bin/sh;
			shellScript = "diff \"${PODS_PODFILE_DIR_PATH}/Podfile.lock\" \"${PODS_ROOT}/Manifest.lock\" > /dev/null\nif [ $? != 0 ] ; then\n    # print error to STDERR\n    echo \"error: The sandbox is not in sync with the Podfile.lock. Run 'pod install' or update your CocoaPods installation.\" >&2\n    exit 1\nfi\n# This output is used by Xcode 'outputs' to avoid re-running this script phase.\necho \"SUCCESS\" > \"${SCRIPT_OUTPUT_FILE_0}\"\n";
			showEnvVarsInLog = 0;
		};
/* End PBXShellScriptBuildPhase section */

/* Begin PBXSourcesBuildPhase section */
		E2092A712045EB910055EBFA /* Sources */ = {
			isa = PBXSourcesBuildPhase;
			buildActionMask = 2147483647;
			files = (
				E2092A9C2045F17B0055EBFA /* Theme.swift in Sources */,
				E2CC5276204D7A7300153B63 /* Contact.swift in Sources */,
				E2092AA52045FBD30055EBFA /* Event.swift in Sources */,
				E2CC5282204D875600153B63 /* Place.swift in Sources */,
				E251E0E920487C1000B07DE9 /* EventsTableViewController.swift in Sources */,
				E2F9BC71205814BA00D5E73B /* VoteViewController.swift in Sources */,
				E2CC527E204D83D700153B63 /* ContactsTableViewController.swift in Sources */,
				E2F9BC6F2056F43F00D5E73B /* LogInViewController.swift in Sources */,
				E2CC5278204D7BC100153B63 /* Edition.swift in Sources */,
				E2CC5280204D86A700153B63 /* LocalDataService.swift in Sources */,
				E251E105204B174C00B07DE9 /* MenuItemTableViewCell.swift in Sources */,
				E2092A9A2045F1270055EBFA /* RoundButton.swift in Sources */,
				E2092AA12045F8890055EBFA /* LectureTableViewCell.swift in Sources */,
				E2CC5284204D88C800153B63 /* XMLLocalDataService.swift in Sources */,
				E2092A912045F0700055EBFA /* Foundation+Extensions.swift in Sources */,
				E2092A962045F0FB0055EBFA /* RoundView.swift in Sources */,
				E251E0F72048BB3F00B07DE9 /* SideMenuController.swift in Sources */,
				E2092A812045EB910055EBFA /* OMatKo.xcdatamodeld in Sources */,
				E251E0EE20487F2600B07DE9 /* FirebaseDataService.swift in Sources */,
				E251E0FF2049640000B07DE9 /* SideMenuManager.swift in Sources */,
				E251E0F02048B25100B07DE9 /* MenuItem.swift in Sources */,
				E251E0E52048791400B07DE9 /* MenuViewController.swift in Sources */,
				E2092A982045F1090055EBFA /* RoundImageView.swift in Sources */,
				E251E0EC20487D6800B07DE9 /* DataService.swift in Sources */,
				E2CC527B204D7D5200153B63 /* ContactTableViewCell.swift in Sources */,
				E2092A932045F0770055EBFA /* UIKit+Extensions.swift in Sources */,
				E2092A792045EB910055EBFA /* AppDelegate.swift in Sources */,
			);
			runOnlyForDeploymentPostprocessing = 0;
		};
/* End PBXSourcesBuildPhase section */

/* Begin PBXVariantGroup section */
		E2092A7C2045EB910055EBFA /* Main.storyboard */ = {
			isa = PBXVariantGroup;
			children = (
				E2092A7D2045EB910055EBFA /* Base */,
			);
			name = Main.storyboard;
			sourceTree = "<group>";
		};
		E2092A842045EB910055EBFA /* LaunchScreen.storyboard */ = {
			isa = PBXVariantGroup;
			children = (
				E2092A852045EB910055EBFA /* Base */,
			);
			name = LaunchScreen.storyboard;
			sourceTree = "<group>";
		};
/* End PBXVariantGroup section */

/* Begin XCBuildConfiguration section */
		E2092A882045EB910055EBFA /* Debug */ = {
			isa = XCBuildConfiguration;
			buildSettings = {
				ALWAYS_SEARCH_USER_PATHS = NO;
				CLANG_ANALYZER_NONNULL = YES;
				CLANG_ANALYZER_NUMBER_OBJECT_CONVERSION = YES_AGGRESSIVE;
				CLANG_CXX_LANGUAGE_STANDARD = "gnu++14";
				CLANG_CXX_LIBRARY = "libc++";
				CLANG_ENABLE_MODULES = YES;
				CLANG_ENABLE_OBJC_ARC = YES;
				CLANG_WARN_BLOCK_CAPTURE_AUTORELEASING = YES;
				CLANG_WARN_BOOL_CONVERSION = YES;
				CLANG_WARN_COMMA = YES;
				CLANG_WARN_CONSTANT_CONVERSION = YES;
				CLANG_WARN_DIRECT_OBJC_ISA_USAGE = YES_ERROR;
				CLANG_WARN_DOCUMENTATION_COMMENTS = YES;
				CLANG_WARN_EMPTY_BODY = YES;
				CLANG_WARN_ENUM_CONVERSION = YES;
				CLANG_WARN_INFINITE_RECURSION = YES;
				CLANG_WARN_INT_CONVERSION = YES;
				CLANG_WARN_NON_LITERAL_NULL_CONVERSION = YES;
				CLANG_WARN_OBJC_LITERAL_CONVERSION = YES;
				CLANG_WARN_OBJC_ROOT_CLASS = YES_ERROR;
				CLANG_WARN_RANGE_LOOP_ANALYSIS = YES;
				CLANG_WARN_STRICT_PROTOTYPES = YES;
				CLANG_WARN_SUSPICIOUS_MOVE = YES;
				CLANG_WARN_UNGUARDED_AVAILABILITY = YES_AGGRESSIVE;
				CLANG_WARN_UNREACHABLE_CODE = YES;
				CLANG_WARN__DUPLICATE_METHOD_MATCH = YES;
				CODE_SIGN_IDENTITY = "iPhone Developer";
				COPY_PHASE_STRIP = NO;
				DEBUG_INFORMATION_FORMAT = dwarf;
				ENABLE_STRICT_OBJC_MSGSEND = YES;
				ENABLE_TESTABILITY = YES;
				GCC_C_LANGUAGE_STANDARD = gnu11;
				GCC_DYNAMIC_NO_PIC = NO;
				GCC_NO_COMMON_BLOCKS = YES;
				GCC_OPTIMIZATION_LEVEL = 0;
				GCC_PREPROCESSOR_DEFINITIONS = (
					"DEBUG=1",
					"$(inherited)",
				);
				GCC_WARN_64_TO_32_BIT_CONVERSION = YES;
				GCC_WARN_ABOUT_RETURN_TYPE = YES_ERROR;
				GCC_WARN_UNDECLARED_SELECTOR = YES;
				GCC_WARN_UNINITIALIZED_AUTOS = YES_AGGRESSIVE;
				GCC_WARN_UNUSED_FUNCTION = YES;
				GCC_WARN_UNUSED_VARIABLE = YES;
				IPHONEOS_DEPLOYMENT_TARGET = 11.2;
				MTL_ENABLE_DEBUG_INFO = YES;
				ONLY_ACTIVE_ARCH = YES;
				SDKROOT = iphoneos;
				SWIFT_ACTIVE_COMPILATION_CONDITIONS = DEBUG;
				SWIFT_OPTIMIZATION_LEVEL = "-Onone";
			};
			name = Debug;
		};
		E2092A892045EB910055EBFA /* Release */ = {
			isa = XCBuildConfiguration;
			buildSettings = {
				ALWAYS_SEARCH_USER_PATHS = NO;
				CLANG_ANALYZER_NONNULL = YES;
				CLANG_ANALYZER_NUMBER_OBJECT_CONVERSION = YES_AGGRESSIVE;
				CLANG_CXX_LANGUAGE_STANDARD = "gnu++14";
				CLANG_CXX_LIBRARY = "libc++";
				CLANG_ENABLE_MODULES = YES;
				CLANG_ENABLE_OBJC_ARC = YES;
				CLANG_WARN_BLOCK_CAPTURE_AUTORELEASING = YES;
				CLANG_WARN_BOOL_CONVERSION = YES;
				CLANG_WARN_COMMA = YES;
				CLANG_WARN_CONSTANT_CONVERSION = YES;
				CLANG_WARN_DIRECT_OBJC_ISA_USAGE = YES_ERROR;
				CLANG_WARN_DOCUMENTATION_COMMENTS = YES;
				CLANG_WARN_EMPTY_BODY = YES;
				CLANG_WARN_ENUM_CONVERSION = YES;
				CLANG_WARN_INFINITE_RECURSION = YES;
				CLANG_WARN_INT_CONVERSION = YES;
				CLANG_WARN_NON_LITERAL_NULL_CONVERSION = YES;
				CLANG_WARN_OBJC_LITERAL_CONVERSION = YES;
				CLANG_WARN_OBJC_ROOT_CLASS = YES_ERROR;
				CLANG_WARN_RANGE_LOOP_ANALYSIS = YES;
				CLANG_WARN_STRICT_PROTOTYPES = YES;
				CLANG_WARN_SUSPICIOUS_MOVE = YES;
				CLANG_WARN_UNGUARDED_AVAILABILITY = YES_AGGRESSIVE;
				CLANG_WARN_UNREACHABLE_CODE = YES;
				CLANG_WARN__DUPLICATE_METHOD_MATCH = YES;
				CODE_SIGN_IDENTITY = "iPhone Developer";
				COPY_PHASE_STRIP = NO;
				DEBUG_INFORMATION_FORMAT = "dwarf-with-dsym";
				ENABLE_NS_ASSERTIONS = NO;
				ENABLE_STRICT_OBJC_MSGSEND = YES;
				GCC_C_LANGUAGE_STANDARD = gnu11;
				GCC_NO_COMMON_BLOCKS = YES;
				GCC_WARN_64_TO_32_BIT_CONVERSION = YES;
				GCC_WARN_ABOUT_RETURN_TYPE = YES_ERROR;
				GCC_WARN_UNDECLARED_SELECTOR = YES;
				GCC_WARN_UNINITIALIZED_AUTOS = YES_AGGRESSIVE;
				GCC_WARN_UNUSED_FUNCTION = YES;
				GCC_WARN_UNUSED_VARIABLE = YES;
				IPHONEOS_DEPLOYMENT_TARGET = 11.2;
				MTL_ENABLE_DEBUG_INFO = NO;
				SDKROOT = iphoneos;
				SWIFT_OPTIMIZATION_LEVEL = "-Owholemodule";
				VALIDATE_PRODUCT = YES;
			};
			name = Release;
		};
		E2092A8B2045EB910055EBFA /* Debug */ = {
			isa = XCBuildConfiguration;
			baseConfigurationReference = D435B90685675E15BB3BE708 /* Pods-OMatKo.debug.xcconfig */;
			buildSettings = {
				ASSETCATALOG_COMPILER_APPICON_NAME = AppIcon;
				CODE_SIGN_STYLE = Automatic;
				DEVELOPMENT_TEAM = JE2494MFB5;
				INFOPLIST_FILE = OMatKo/Info.plist;
				LD_RUNPATH_SEARCH_PATHS = "$(inherited) @executable_path/Frameworks";
				PRODUCT_BUNDLE_IDENTIFIER = com.raczy.OMatKo;
				PRODUCT_NAME = "$(TARGET_NAME)";
				SWIFT_VERSION = 4.0;
				TARGETED_DEVICE_FAMILY = "1,2";
			};
			name = Debug;
		};
		E2092A8C2045EB910055EBFA /* Release */ = {
			isa = XCBuildConfiguration;
			baseConfigurationReference = D8B6EF6350BEF71D85868ABD /* Pods-OMatKo.release.xcconfig */;
			buildSettings = {
				ASSETCATALOG_COMPILER_APPICON_NAME = AppIcon;
				CODE_SIGN_STYLE = Automatic;
				DEVELOPMENT_TEAM = JE2494MFB5;
				INFOPLIST_FILE = OMatKo/Info.plist;
				LD_RUNPATH_SEARCH_PATHS = "$(inherited) @executable_path/Frameworks";
				PRODUCT_BUNDLE_IDENTIFIER = com.raczy.OMatKo;
				PRODUCT_NAME = "$(TARGET_NAME)";
				SWIFT_VERSION = 4.0;
				TARGETED_DEVICE_FAMILY = "1,2";
			};
			name = Release;
		};
/* End XCBuildConfiguration section */

/* Begin XCConfigurationList section */
		E2092A702045EB910055EBFA /* Build configuration list for PBXProject "OMatKo" */ = {
			isa = XCConfigurationList;
			buildConfigurations = (
				E2092A882045EB910055EBFA /* Debug */,
				E2092A892045EB910055EBFA /* Release */,
			);
			defaultConfigurationIsVisible = 0;
			defaultConfigurationName = Release;
		};
		E2092A8A2045EB910055EBFA /* Build configuration list for PBXNativeTarget "OMatKo" */ = {
			isa = XCConfigurationList;
			buildConfigurations = (
				E2092A8B2045EB910055EBFA /* Debug */,
				E2092A8C2045EB910055EBFA /* Release */,
			);
			defaultConfigurationIsVisible = 0;
			defaultConfigurationName = Release;
		};
/* End XCConfigurationList section */

/* Begin XCVersionGroup section */
		E2092A7F2045EB910055EBFA /* OMatKo.xcdatamodeld */ = {
			isa = XCVersionGroup;
			children = (
				E2092A802045EB910055EBFA /* OMatKo.xcdatamodel */,
			);
			currentVersion = E2092A802045EB910055EBFA /* OMatKo.xcdatamodel */;
			path = OMatKo.xcdatamodeld;
			sourceTree = "<group>";
			versionGroupType = wrapper.xcdatamodel;
		};
/* End XCVersionGroup section */
	};
	rootObject = E2092A6D2045EB910055EBFA /* Project object */;
}
