// !$*UTF8*$!
{
	archiveVersion = 1;
	classes = {
	};
	objectVersion = 48;
	objects = {

/* Begin PBXBuildFile section */
		E2092A792045EB910055EBFA /* AppDelegate.swift in Sources */ = {isa = PBXBuildFile; fileRef = E2092A782045EB910055EBFA /* AppDelegate.swift */; };
		E2092A7B2045EB910055EBFA /* ViewController.swift in Sources */ = {isa = PBXBuildFile; fileRef = E2092A7A2045EB910055EBFA /* ViewController.swift */; };
		E2092A7E2045EB910055EBFA /* Main.storyboard in Resources */ = {isa = PBXBuildFile; fileRef = E2092A7C2045EB910055EBFA /* Main.storyboard */; };
		E2092A812045EB910055EBFA /* OMatKo.xcdatamodeld in Sources */ = {isa = PBXBuildFile; fileRef = E2092A7F2045EB910055EBFA /* OMatKo.xcdatamodeld */; };
		E2092A832045EB910055EBFA /* Assets.xcassets in Resources */ = {isa = PBXBuildFile; fileRef = E2092A822045EB910055EBFA /* Assets.xcassets */; };
		E2092A862045EB910055EBFA /* LaunchScreen.storyboard in Resources */ = {isa = PBXBuildFile; fileRef = E2092A842045EB910055EBFA /* LaunchScreen.storyboard */; };
/* End PBXBuildFile section */

/* Begin PBXFileReference section */
		E2092A752045EB910055EBFA /* OMatKo.app */ = {isa = PBXFileReference; explicitFileType = wrapper.application; includeInIndex = 0; path = OMatKo.app; sourceTree = BUILT_PRODUCTS_DIR; };
		E2092A782045EB910055EBFA /* AppDelegate.swift */ = {isa = PBXFileReference; lastKnownFileType = sourcecode.swift; path = AppDelegate.swift; sourceTree = "<group>"; };
		E2092A7A2045EB910055EBFA /* ViewController.swift */ = {isa = PBXFileReference; lastKnownFileType = sourcecode.swift; path = ViewController.swift; sourceTree = "<group>"; };
		E2092A7D2045EB910055EBFA /* Base */ = {isa = PBXFileReference; lastKnownFileType = file.storyboard; name = Base; path = Base.lproj/Main.storyboard; sourceTree = "<group>"; };
		E2092A802045EB910055EBFA /* OMatKo.xcdatamodel */ = {isa = PBXFileReference; lastKnownFileType = wrapper.xcdatamodel; path = OMatKo.xcdatamodel; sourceTree = "<group>"; };
		E2092A822045EB910055EBFA /* Assets.xcassets */ = {isa = PBXFileReference; lastKnownFileType = folder.assetcatalog; path = Assets.xcassets; sourceTree = "<group>"; };
		E2092A852045EB910055EBFA /* Base */ = {isa = PBXFileReference; lastKnownFileType = file.storyboard; name = Base; path = Base.lproj/LaunchScreen.storyboard; sourceTree = "<group>"; };
		E2092A872045EB910055EBFA /* Info.plist */ = {isa = PBXFileReference; lastKnownFileType = text.plist.xml; path = Info.plist; sourceTree = "<group>"; };
/* End PBXFileReference section */

/* Begin PBXFrameworksBuildPhase section */
		E2092A722045EB910055EBFA /* Frameworks */ = {
			isa = PBXFrameworksBuildPhase;
			buildActionMask = 2147483647;
			files = (
			);
			runOnlyForDeploymentPostprocessing = 0;
		};
/* End PBXFrameworksBuildPhase section */

/* Begin PBXGroup section */
		E2092A6C2045EB910055EBFA = {
			isa = PBXGroup;
			children = (
				E2092A772045EB910055EBFA /* OMatKo */,
				E2092A762045EB910055EBFA /* Products */,
			);
			sourceTree = "<group>";
		};
		E2092A762045EB910055EBFA /* Products */ = {
			isa = PBXGroup;
			children = (
				E2092A752045EB910055EBFA /* OMatKo.app */,
			);
			name = Products;
			sourceTree = "<group>";
		};
		E2092A772045EB910055EBFA /* OMatKo */ = {
			isa = PBXGroup;
			children = (
				E2092A782045EB910055EBFA /* AppDelegate.swift */,
				E2092A7A2045EB910055EBFA /* ViewController.swift */,
				E2092A7C2045EB910055EBFA /* Main.storyboard */,
				E2092A822045EB910055EBFA /* Assets.xcassets */,
				E2092A842045EB910055EBFA /* LaunchScreen.storyboard */,
				E2092A872045EB910055EBFA /* Info.plist */,
				E2092A7F2045EB910055EBFA /* OMatKo.xcdatamodeld */,
			);
			path = OMatKo;
			sourceTree = "<group>";
		};
/* End PBXGroup section */

/* Begin PBXNativeTarget section */
		E2092A742045EB910055EBFA /* OMatKo */ = {
			isa = PBXNativeTarget;
			buildConfigurationList = E2092A8A2045EB910055EBFA /* Build configuration list for PBXNativeTarget "OMatKo" */;
			buildPhases = (
				E2092A712045EB910055EBFA /* Sources */,
				E2092A722045EB910055EBFA /* Frameworks */,
				E2092A732045EB910055EBFA /* Resources */,
			);
			buildRules = (
			);
			dependencies = (
			);
			name = OMatKo;
			productName = OMatKo;
			productReference = E2092A752045EB910055EBFA /* OMatKo.app */;
			productType = "com.apple.product-type.application";
		};
/* End PBXNativeTarget section */

/* Begin PBXProject section */
		E2092A6D2045EB910055EBFA /* Project object */ = {
			isa = PBXProject;
			attributes = {
				LastSwiftUpdateCheck = 0920;
				LastUpgradeCheck = 0920;
				ORGANIZATIONNAME = "Kacper Raczy";
				TargetAttributes = {
					E2092A742045EB910055EBFA = {
						CreatedOnToolsVersion = 9.2;
						ProvisioningStyle = Automatic;
					};
				};
			};
			buildConfigurationList = E2092A702045EB910055EBFA /* Build configuration list for PBXProject "OMatKo" */;
			compatibilityVersion = "Xcode 8.0";
			developmentRegion = en;
			hasScannedForEncodings = 0;
			knownRegions = (
				en,
				Base,
			);
			mainGroup = E2092A6C2045EB910055EBFA;
			productRefGroup = E2092A762045EB910055EBFA /* Products */;
			projectDirPath = "";
			projectRoot = "";
			targets = (
				E2092A742045EB910055EBFA /* OMatKo */,
			);
		};
/* End PBXProject section */

/* Begin PBXResourcesBuildPhase section */
		E2092A732045EB910055EBFA /* Resources */ = {
			isa = PBXResourcesBuildPhase;
			buildActionMask = 2147483647;
			files = (
				E2092A862045EB910055EBFA /* LaunchScreen.storyboard in Resources */,
				E2092A832045EB910055EBFA /* Assets.xcassets in Resources */,
				E2092A7E2045EB910055EBFA /* Main.storyboard in Resources */,
			);
			runOnlyForDeploymentPostprocessing = 0;
		};
/* End PBXResourcesBuildPhase section */

/* Begin PBXSourcesBuildPhase section */
		E2092A712045EB910055EBFA /* Sources */ = {
			isa = PBXSourcesBuildPhase;
			buildActionMask = 2147483647;
			files = (
				E2092A812045EB910055EBFA /* OMatKo.xcdatamodeld in Sources */,
				E2092A7B2045EB910055EBFA /* ViewController.swift in Sources */,
				E2092A792045EB910055EBFA /* AppDelegate.swift in Sources */,
			);
			runOnlyForDeploymentPostprocessing = 0;
		};
/* End PBXSourcesBuildPhase section */

/* Begin PBXVariantGroup section */
		E2092A7C2045EB910055EBFA /* Main.storyboard */ = {
			isa = PBXVariantGroup;
			children = (
				E2092A7D2045EB910055EBFA /* Base */,
			);
			name = Main.storyboard;
			sourceTree = "<group>";
		};
		E2092A842045EB910055EBFA /* LaunchScreen.storyboard */ = {
			isa = PBXVariantGroup;
			children = (
				E2092A852045EB910055EBFA /* Base */,
			);
			name = LaunchScreen.storyboard;
			sourceTree = "<group>";
		};
/* End PBXVariantGroup section */

/* Begin XCBuildConfiguration section */
		E2092A882045EB910055EBFA /* Debug */ = {
			isa = XCBuildConfiguration;
			buildSettings = {
				ALWAYS_SEARCH_USER_PATHS = NO;
				CLANG_ANALYZER_NONNULL = YES;
				CLANG_ANALYZER_NUMBER_OBJECT_CONVERSION = YES_AGGRESSIVE;
				CLANG_CXX_LANGUAGE_STANDARD = "gnu++14";
				CLANG_CXX_LIBRARY = "libc++";
				CLANG_ENABLE_MODULES = YES;
				CLANG_ENABLE_OBJC_ARC = YES;
				CLANG_WARN_BLOCK_CAPTURE_AUTORELEASING = YES;
				CLANG_WARN_BOOL_CONVERSION = YES;
				CLANG_WARN_COMMA = YES;
				CLANG_WARN_CONSTANT_CONVERSION = YES;
				CLANG_WARN_DIRECT_OBJC_ISA_USAGE = YES_ERROR;
				CLANG_WARN_DOCUMENTATION_COMMENTS = YES;
				CLANG_WARN_EMPTY_BODY = YES;
				CLANG_WARN_ENUM_CONVERSION = YES;
				CLANG_WARN_INFINITE_RECURSION = YES;
				CLANG_WARN_INT_CONVERSION = YES;
				CLANG_WARN_NON_LITERAL_NULL_CONVERSION = YES;
				CLANG_WARN_OBJC_LITERAL_CONVERSION = YES;
				CLANG_WARN_OBJC_ROOT_CLASS = YES_ERROR;
				CLANG_WARN_RANGE_LOOP_ANALYSIS = YES;
				CLANG_WARN_STRICT_PROTOTYPES = YES;
				CLANG_WARN_SUSPICIOUS_MOVE = YES;
				CLANG_WARN_UNGUARDED_AVAILABILITY = YES_AGGRESSIVE;
				CLANG_WARN_UNREACHABLE_CODE = YES;
				CLANG_WARN__DUPLICATE_METHOD_MATCH = YES;
				CODE_SIGN_IDENTITY = "iPhone Developer";
				COPY_PHASE_STRIP = NO;
				DEBUG_INFORMATION_FORMAT = dwarf;
				ENABLE_STRICT_OBJC_MSGSEND = YES;
				ENABLE_TESTABILITY = YES;
				GCC_C_LANGUAGE_STANDARD = gnu11;
				GCC_DYNAMIC_NO_PIC = NO;
				GCC_NO_COMMON_BLOCKS = YES;
				GCC_OPTIMIZATION_LEVEL = 0;
				GCC_PREPROCESSOR_DEFINITIONS = (
					"DEBUG=1",
					"$(inherited)",
				);
				GCC_WARN_64_TO_32_BIT_CONVERSION = YES;
				GCC_WARN_ABOUT_RETURN_TYPE = YES_ERROR;
				GCC_WARN_UNDECLARED_SELECTOR = YES;
				GCC_WARN_UNINITIALIZED_AUTOS = YES_AGGRESSIVE;
				GCC_WARN_UNUSED_FUNCTION = YES;
				GCC_WARN_UNUSED_VARIABLE = YES;
				IPHONEOS_DEPLOYMENT_TARGET = 11.2;
				MTL_ENABLE_DEBUG_INFO = YES;
				ONLY_ACTIVE_ARCH = YES;
				SDKROOT = iphoneos;
				SWIFT_ACTIVE_COMPILATION_CONDITIONS = DEBUG;
				SWIFT_OPTIMIZATION_LEVEL = "-Onone";
			};
			name = Debug;
		};
		E2092A892045EB910055EBFA /* Release */ = {
			isa = XCBuildConfiguration;
			buildSettings = {
				ALWAYS_SEARCH_USER_PATHS = NO;
				CLANG_ANALYZER_NONNULL = YES;
				CLANG_ANALYZER_NUMBER_OBJECT_CONVERSION = YES_AGGRESSIVE;
				CLANG_CXX_LANGUAGE_STANDARD = "gnu++14";
				CLANG_CXX_LIBRARY = "libc++";
				CLANG_ENABLE_MODULES = YES;
				CLANG_ENABLE_OBJC_ARC = YES;
				CLANG_WARN_BLOCK_CAPTURE_AUTORELEASING = YES;
				CLANG_WARN_BOOL_CONVERSION = YES;
				CLANG_WARN_COMMA = YES;
				CLANG_WARN_CONSTANT_CONVERSION = YES;
				CLANG_WARN_DIRECT_OBJC_ISA_USAGE = YES_ERROR;
				CLANG_WARN_DOCUMENTATION_COMMENTS = YES;
				CLANG_WARN_EMPTY_BODY = YES;
				CLANG_WARN_ENUM_CONVERSION = YES;
				CLANG_WARN_INFINITE_RECURSION = YES;
				CLANG_WARN_INT_CONVERSION = YES;
				CLANG_WARN_NON_LITERAL_NULL_CONVERSION = YES;
				CLANG_WARN_OBJC_LITERAL_CONVERSION = YES;
				CLANG_WARN_OBJC_ROOT_CLASS = YES_ERROR;
				CLANG_WARN_RANGE_LOOP_ANALYSIS = YES;
				CLANG_WARN_STRICT_PROTOTYPES = YES;
				CLANG_WARN_SUSPICIOUS_MOVE = YES;
				CLANG_WARN_UNGUARDED_AVAILABILITY = YES_AGGRESSIVE;
				CLANG_WARN_UNREACHABLE_CODE = YES;
				CLANG_WARN__DUPLICATE_METHOD_MATCH = YES;
				CODE_SIGN_IDENTITY = "iPhone Developer";
				COPY_PHASE_STRIP = NO;
				DEBUG_INFORMATION_FORMAT = "dwarf-with-dsym";
				ENABLE_NS_ASSERTIONS = NO;
				ENABLE_STRICT_OBJC_MSGSEND = YES;
				GCC_C_LANGUAGE_STANDARD = gnu11;
				GCC_NO_COMMON_BLOCKS = YES;
				GCC_WARN_64_TO_32_BIT_CONVERSION = YES;
				GCC_WARN_ABOUT_RETURN_TYPE = YES_ERROR;
				GCC_WARN_UNDECLARED_SELECTOR = YES;
				GCC_WARN_UNINITIALIZED_AUTOS = YES_AGGRESSIVE;
				GCC_WARN_UNUSED_FUNCTION = YES;
				GCC_WARN_UNUSED_VARIABLE = YES;
				IPHONEOS_DEPLOYMENT_TARGET = 11.2;
				MTL_ENABLE_DEBUG_INFO = NO;
				SDKROOT = iphoneos;
				SWIFT_OPTIMIZATION_LEVEL = "-Owholemodule";
				VALIDATE_PRODUCT = YES;
			};
			name = Release;
		};
		E2092A8B2045EB910055EBFA /* Debug */ = {
			isa = XCBuildConfiguration;
			buildSettings = {
				ASSETCATALOG_COMPILER_APPICON_NAME = AppIcon;
				CODE_SIGN_STYLE = Automatic;
				DEVELOPMENT_TEAM = JE2494MFB5;
				INFOPLIST_FILE = OMatKo/Info.plist;
				LD_RUNPATH_SEARCH_PATHS = "$(inherited) @executable_path/Frameworks";
				PRODUCT_BUNDLE_IDENTIFIER = com.raczy.OMatKo;
				PRODUCT_NAME = "$(TARGET_NAME)";
				SWIFT_VERSION = 4.0;
				TARGETED_DEVICE_FAMILY = "1,2";
			};
			name = Debug;
		};
		E2092A8C2045EB910055EBFA /* Release */ = {
			isa = XCBuildConfiguration;
			buildSettings = {
				ASSETCATALOG_COMPILER_APPICON_NAME = AppIcon;
				CODE_SIGN_STYLE = Automatic;
				DEVELOPMENT_TEAM = JE2494MFB5;
				INFOPLIST_FILE = OMatKo/Info.plist;
				LD_RUNPATH_SEARCH_PATHS = "$(inherited) @executable_path/Frameworks";
				PRODUCT_BUNDLE_IDENTIFIER = com.raczy.OMatKo;
				PRODUCT_NAME = "$(TARGET_NAME)";
				SWIFT_VERSION = 4.0;
				TARGETED_DEVICE_FAMILY = "1,2";
			};
			name = Release;
		};
/* End XCBuildConfiguration section */

/* Begin XCConfigurationList section */
		E2092A702045EB910055EBFA /* Build configuration list for PBXProject "OMatKo" */ = {
			isa = XCConfigurationList;
			buildConfigurations = (
				E2092A882045EB910055EBFA /* Debug */,
				E2092A892045EB910055EBFA /* Release */,
			);
			defaultConfigurationIsVisible = 0;
			defaultConfigurationName = Release;
		};
		E2092A8A2045EB910055EBFA /* Build configuration list for PBXNativeTarget "OMatKo" */ = {
			isa = XCConfigurationList;
			buildConfigurations = (
				E2092A8B2045EB910055EBFA /* Debug */,
				E2092A8C2045EB910055EBFA /* Release */,
			);
			defaultConfigurationIsVisible = 0;
			defaultConfigurationName = Release;
		};
/* End XCConfigurationList section */

/* Begin XCVersionGroup section */
		E2092A7F2045EB910055EBFA /* OMatKo.xcdatamodeld */ = {
			isa = XCVersionGroup;
			children = (
				E2092A802045EB910055EBFA /* OMatKo.xcdatamodel */,
			);
			currentVersion = E2092A802045EB910055EBFA /* OMatKo.xcdatamodel */;
			path = OMatKo.xcdatamodeld;
			sourceTree = "<group>";
			versionGroupType = wrapper.xcdatamodel;
		};
/* End XCVersionGroup section */
	};
	rootObject = E2092A6D2045EB910055EBFA /* Project object */;
}
